
Microsoft Visual Studio Solution File, Format Version 12.00
# Visual Studio Version 16
VisualStudioVersion = 16.0.31229.75
MinimumVisualStudioVersion = 10.0.40219.1
Project("{FAE04EC0-301F-11D3-BF4B-00C04F79EFBC}") = "UserMaintenance", "UserMaintenance\UserMaintenance.csproj", "{0B6343A5-CD4D-4384-878E-B45D6CFE5136}"
EndProject
Project("{FAE04EC0-301F-11D3-BF4B-00C04F79EFBC}") = "04week", "04week\04week.csproj", "{FFB07BA9-406F-4785-8510-5EBB00AEE1FE}"
EndProject
Project("{FAE04EC0-301F-11D3-BF4B-00C04F79EFBC}") = "06week", "06week\06week.csproj", "{DC1192C8-3FFA-440C-9ED7-7A3D5499CCDA}"
EndProject
Project("{FAE04EC0-301F-11D3-BF4B-00C04F79EFBC}") = "08week", "08week\08week.csproj", "{211CD349-A45C-4D73-863B-C0D9727C2EC8}"
EndProject
Project("{FAE04EC0-301F-11D3-BF4B-00C04F79EFBC}") = "week09", "week09\week09.csproj", "{CA546295-B806-48C6-BEAF-27E79EC604D7}"
EndProject
Project("{FAE04EC0-301F-11D3-BF4B-00C04F79EFBC}") = "week10", "week10\week10.csproj", "{81A1F9E3-099F-4D3B-B20F-7FFBC6EB94AF}"
EndProject
Global
	GlobalSection(SolutionConfigurationPlatforms) = preSolution
		Debug|Any CPU = Debug|Any CPU
		Release|Any CPU = Release|Any CPU
	EndGlobalSection
	GlobalSection(ProjectConfigurationPlatforms) = postSolution
		{0B6343A5-CD4D-4384-878E-B45D6CFE5136}.Debug|Any CPU.ActiveCfg = Debug|Any CPU
		{0B6343A5-CD4D-4384-878E-B45D6CFE5136}.Debug|Any CPU.Build.0 = Debug|Any CPU
		{0B6343A5-CD4D-4384-878E-B45D6CFE5136}.Release|Any CPU.ActiveCfg = Release|Any CPU
		{0B6343A5-CD4D-4384-878E-B45D6CFE5136}.Release|Any CPU.Build.0 = Release|Any CPU
		{FFB07BA9-406F-4785-8510-5EBB00AEE1FE}.Debug|Any CPU.ActiveCfg = Debug|Any CPU
		{FFB07BA9-406F-4785-8510-5EBB00AEE1FE}.Debug|Any CPU.Build.0 = Debug|Any CPU
		{FFB07BA9-406F-4785-8510-5EBB00AEE1FE}.Release|Any CPU.ActiveCfg = Release|Any CPU
		{FFB07BA9-406F-4785-8510-5EBB00AEE1FE}.Release|Any CPU.Build.0 = Release|Any CPU
		{DC1192C8-3FFA-440C-9ED7-7A3D5499CCDA}.Debug|Any CPU.ActiveCfg = Debug|Any CPU
		{DC1192C8-3FFA-440C-9ED7-7A3D5499CCDA}.Debug|Any CPU.Build.0 = Debug|Any CPU
		{DC1192C8-3FFA-440C-9ED7-7A3D5499CCDA}.Release|Any CPU.ActiveCfg = Release|Any CPU
		{DC1192C8-3FFA-440C-9ED7-7A3D5499CCDA}.Release|Any CPU.Build.0 = Release|Any CPU
		{211CD349-A45C-4D73-863B-C0D9727C2EC8}.Debug|Any CPU.ActiveCfg = Debug|Any CPU
		{211CD349-A45C-4D73-863B-C0D9727C2EC8}.Debug|Any CPU.Build.0 = Debug|Any CPU
		{211CD349-A45C-4D73-863B-C0D9727C2EC8}.Release|Any CPU.ActiveCfg = Release|Any CPU
		{211CD349-A45C-4D73-863B-C0D9727C2EC8}.Release|Any CPU.Build.0 = Release|Any CPU
		{CA546295-B806-48C6-BEAF-27E79EC604D7}.Debug|Any CPU.ActiveCfg = Debug|Any CPU
		{CA546295-B806-48C6-BEAF-27E79EC604D7}.Debug|Any CPU.Build.0 = Debug|Any CPU
		{CA546295-B806-48C6-BEAF-27E79EC604D7}.Release|Any CPU.ActiveCfg = Release|Any CPU
		{CA546295-B806-48C6-BEAF-27E79EC604D7}.Release|Any CPU.Build.0 = Release|Any CPU
		{81A1F9E3-099F-4D3B-B20F-7FFBC6EB94AF}.Debug|Any CPU.ActiveCfg = Debug|Any CPU
		{81A1F9E3-099F-4D3B-B20F-7FFBC6EB94AF}.Debug|Any CPU.Build.0 = Debug|Any CPU
		{81A1F9E3-099F-4D3B-B20F-7FFBC6EB94AF}.Release|Any CPU.ActiveCfg = Release|Any CPU
		{81A1F9E3-099F-4D3B-B20F-7FFBC6EB94AF}.Release|Any CPU.Build.0 = Release|Any CPU
	EndGlobalSection
	GlobalSection(SolutionProperties) = preSolution
		HideSolutionNode = FALSE
	EndGlobalSection
	GlobalSection(ExtensibilityGlobals) = postSolution
		SolutionGuid = {B631FB62-82B0-40B6-83D7-0554BC25D11B}
	EndGlobalSection
EndGlobal
